
Microsoft Visual Studio Solution File, Format Version 12.00
# Visual Studio 15
VisualStudioVersion = 15.0.26228.9
MinimumVisualStudioVersion = 10.0.40219.1
Project("{FAE04EC0-301F-11D3-BF4B-00C04F79EFBC}") = "DotNetExample.WebApi", "DotNetExample.WebApi\DotNetExample.WebApi.csproj", "{442DF69E-BE41-4FBB-9E5C-9CD8F8A1A3D5}"
EndProject
Project("{FAE04EC0-301F-11D3-BF4B-00C04F79EFBC}") = "DotNetExample.Common", "DotNetExample.Common\DotNetExample.Common.csproj", "{5EB8B460-6205-4A21-9177-4FC681167140}"
EndProject
Project("{FAE04EC0-301F-11D3-BF4B-00C04F79EFBC}") = "DotNetExample.Domain", "DotNetExample.Domain\DotNetExample.Domain.csproj", "{215E1155-F998-4757-B6EF-F323F761ABB4}"
EndProject
Project("{FAE04EC0-301F-11D3-BF4B-00C04F79EFBC}") = "DotNetExample.Infrastructure", "DotNetExample.Infrastructure\DotNetExample.Infrastructure.csproj", "{B15D9C6E-52C8-4497-93AC-811A6789F207}"
EndProject
Project("{FAE04EC0-301F-11D3-BF4B-00C04F79EFBC}") = "DotNetExample.Business", "DotNetExample.Business\DotNetExample.Business.csproj", "{070DD1E3-81F2-4A02-9870-768681F1302F}"
EndProject
Project("{FAE04EC0-301F-11D3-BF4B-00C04F79EFBC}") = "DotNetExample.AdminWebApp", "DotNetExample.AdminWebApp\DotNetExample.AdminWebApp.csproj", "{12CF7949-E84E-4A02-A5E9-6CD80E47DA9D}"
EndProject
Project("{FAE04EC0-301F-11D3-BF4B-00C04F79EFBC}") = "DotNetExample.WebApp", "DotNetExample.WebApp\DotNetExample.WebApp.csproj", "{7F6B26C7-C893-4A86-8078-F64BE3EF8406}"
EndProject
Project("{FAE04EC0-301F-11D3-BF4B-00C04F79EFBC}") = "DotNetExample.AuthApi", "DotNetExample.Auth\DotNetExample.AuthApi.csproj", "{EC91E2B4-ADA4-4A70-8E92-2BAAAA9AC955}"
EndProject
Project("{2150E333-8FDC-42A3-9474-1A3956D46DE8}") = "Core", "Core", "{3DFE8FEA-4AFA-4D51-BFB0-430E47032381}"
EndProject
Project("{2150E333-8FDC-42A3-9474-1A3956D46DE8}") = "Api", "Api", "{2F5CBDCD-6692-4219-A512-317CC45A6BF4}"
EndProject
Project("{2150E333-8FDC-42A3-9474-1A3956D46DE8}") = "Web", "Web", "{2ED85E55-23D3-4878-872C-1B7C5D8C604E}"
EndProject
Project("{FAE04EC0-301F-11D3-BF4B-00C04F79EFBC}") = "DotNetExample.AdminWebApi", "DotNetExample.AdminWebApi\DotNetExample.AdminWebApi.csproj", "{F360290D-7B91-4796-B779-1B1AC588242E}"
EndProject
Global
	GlobalSection(SolutionConfigurationPlatforms) = preSolution
		Debug|Any CPU = Debug|Any CPU
		Release|Any CPU = Release|Any CPU
	EndGlobalSection
	GlobalSection(ProjectConfigurationPlatforms) = postSolution
		{442DF69E-BE41-4FBB-9E5C-9CD8F8A1A3D5}.Debug|Any CPU.ActiveCfg = Debug|Any CPU
		{442DF69E-BE41-4FBB-9E5C-9CD8F8A1A3D5}.Debug|Any CPU.Build.0 = Debug|Any CPU
		{442DF69E-BE41-4FBB-9E5C-9CD8F8A1A3D5}.Release|Any CPU.ActiveCfg = Release|Any CPU
		{442DF69E-BE41-4FBB-9E5C-9CD8F8A1A3D5}.Release|Any CPU.Build.0 = Release|Any CPU
		{5EB8B460-6205-4A21-9177-4FC681167140}.Debug|Any CPU.ActiveCfg = Debug|Any CPU
		{5EB8B460-6205-4A21-9177-4FC681167140}.Debug|Any CPU.Build.0 = Debug|Any CPU
		{5EB8B460-6205-4A21-9177-4FC681167140}.Release|Any CPU.ActiveCfg = Release|Any CPU
		{5EB8B460-6205-4A21-9177-4FC681167140}.Release|Any CPU.Build.0 = Release|Any CPU
		{215E1155-F998-4757-B6EF-F323F761ABB4}.Debug|Any CPU.ActiveCfg = Debug|Any CPU
		{215E1155-F998-4757-B6EF-F323F761ABB4}.Debug|Any CPU.Build.0 = Debug|Any CPU
		{215E1155-F998-4757-B6EF-F323F761ABB4}.Release|Any CPU.ActiveCfg = Release|Any CPU
		{215E1155-F998-4757-B6EF-F323F761ABB4}.Release|Any CPU.Build.0 = Release|Any CPU
		{B15D9C6E-52C8-4497-93AC-811A6789F207}.Debug|Any CPU.ActiveCfg = Debug|Any CPU
		{B15D9C6E-52C8-4497-93AC-811A6789F207}.Debug|Any CPU.Build.0 = Debug|Any CPU
		{B15D9C6E-52C8-4497-93AC-811A6789F207}.Release|Any CPU.ActiveCfg = Release|Any CPU
		{B15D9C6E-52C8-4497-93AC-811A6789F207}.Release|Any CPU.Build.0 = Release|Any CPU
		{070DD1E3-81F2-4A02-9870-768681F1302F}.Debug|Any CPU.ActiveCfg = Debug|Any CPU
		{070DD1E3-81F2-4A02-9870-768681F1302F}.Debug|Any CPU.Build.0 = Debug|Any CPU
		{070DD1E3-81F2-4A02-9870-768681F1302F}.Release|Any CPU.ActiveCfg = Release|Any CPU
		{070DD1E3-81F2-4A02-9870-768681F1302F}.Release|Any CPU.Build.0 = Release|Any CPU
		{12CF7949-E84E-4A02-A5E9-6CD80E47DA9D}.Debug|Any CPU.ActiveCfg = Debug|Any CPU
		{12CF7949-E84E-4A02-A5E9-6CD80E47DA9D}.Debug|Any CPU.Build.0 = Debug|Any CPU
		{12CF7949-E84E-4A02-A5E9-6CD80E47DA9D}.Release|Any CPU.ActiveCfg = Release|Any CPU
		{12CF7949-E84E-4A02-A5E9-6CD80E47DA9D}.Release|Any CPU.Build.0 = Release|Any CPU
		{7F6B26C7-C893-4A86-8078-F64BE3EF8406}.Debug|Any CPU.ActiveCfg = Debug|Any CPU
		{7F6B26C7-C893-4A86-8078-F64BE3EF8406}.Debug|Any CPU.Build.0 = Debug|Any CPU
		{7F6B26C7-C893-4A86-8078-F64BE3EF8406}.Release|Any CPU.ActiveCfg = Release|Any CPU
		{7F6B26C7-C893-4A86-8078-F64BE3EF8406}.Release|Any CPU.Build.0 = Release|Any CPU
		{EC91E2B4-ADA4-4A70-8E92-2BAAAA9AC955}.Debug|Any CPU.ActiveCfg = Debug|Any CPU
		{EC91E2B4-ADA4-4A70-8E92-2BAAAA9AC955}.Debug|Any CPU.Build.0 = Debug|Any CPU
		{EC91E2B4-ADA4-4A70-8E92-2BAAAA9AC955}.Release|Any CPU.ActiveCfg = Release|Any CPU
		{EC91E2B4-ADA4-4A70-8E92-2BAAAA9AC955}.Release|Any CPU.Build.0 = Release|Any CPU
		{F360290D-7B91-4796-B779-1B1AC588242E}.Debug|Any CPU.ActiveCfg = Debug|Any CPU
		{F360290D-7B91-4796-B779-1B1AC588242E}.Debug|Any CPU.Build.0 = Debug|Any CPU
		{F360290D-7B91-4796-B779-1B1AC588242E}.Release|Any CPU.ActiveCfg = Release|Any CPU
		{F360290D-7B91-4796-B779-1B1AC588242E}.Release|Any CPU.Build.0 = Release|Any CPU
	EndGlobalSection
	GlobalSection(SolutionProperties) = preSolution
		HideSolutionNode = FALSE
	EndGlobalSection
	GlobalSection(NestedProjects) = preSolution
		{442DF69E-BE41-4FBB-9E5C-9CD8F8A1A3D5} = {2F5CBDCD-6692-4219-A512-317CC45A6BF4}
		{5EB8B460-6205-4A21-9177-4FC681167140} = {3DFE8FEA-4AFA-4D51-BFB0-430E47032381}
		{215E1155-F998-4757-B6EF-F323F761ABB4} = {3DFE8FEA-4AFA-4D51-BFB0-430E47032381}
		{B15D9C6E-52C8-4497-93AC-811A6789F207} = {3DFE8FEA-4AFA-4D51-BFB0-430E47032381}
		{070DD1E3-81F2-4A02-9870-768681F1302F} = {3DFE8FEA-4AFA-4D51-BFB0-430E47032381}
		{12CF7949-E84E-4A02-A5E9-6CD80E47DA9D} = {2ED85E55-23D3-4878-872C-1B7C5D8C604E}
		{7F6B26C7-C893-4A86-8078-F64BE3EF8406} = {2ED85E55-23D3-4878-872C-1B7C5D8C604E}
		{EC91E2B4-ADA4-4A70-8E92-2BAAAA9AC955} = {2F5CBDCD-6692-4219-A512-317CC45A6BF4}
		{F360290D-7B91-4796-B779-1B1AC588242E} = {2F5CBDCD-6692-4219-A512-317CC45A6BF4}
	EndGlobalSection
EndGlobal
